
Microsoft Visual Studio Solution File, Format Version 12.00
# Visual Studio 15
VisualStudioVersion = 15.0.28010.2048
MinimumVisualStudioVersion = 10.0.40219.1
Project("{FAE04EC0-301F-11D3-BF4B-00C04F79EFBC}") = "Form330.Android", "Form330\Form330.Android\Form330.Android.csproj", "{D9EB9350-C471-4B7B-95BA-859084EB7C7A}"
EndProject
Project("{FAE04EC0-301F-11D3-BF4B-00C04F79EFBC}") = "Form330.iOS", "Form330\Form330.iOS\Form330.iOS.csproj", "{DCFAC96D-4527-46EF-B7A9-63CF1B5B1FA4}"
EndProject
Project("{FAE04EC0-301F-11D3-BF4B-00C04F79EFBC}") = "Form330", "Form330\Form330\Form330.csproj", "{17AEF5EA-7164-4951-BE13-DE8BD66AC3FD}"
EndProject
Global
	GlobalSection(SolutionConfigurationPlatforms) = preSolution
		Ad-Hoc|Any CPU = Ad-Hoc|Any CPU
		Ad-Hoc|iPhone = Ad-Hoc|iPhone
		Ad-Hoc|iPhoneSimulator = Ad-Hoc|iPhoneSimulator
		AppStore|Any CPU = AppStore|Any CPU
		AppStore|iPhone = AppStore|iPhone
		AppStore|iPhoneSimulator = AppStore|iPhoneSimulator
		Debug|Any CPU = Debug|Any CPU
		Debug|iPhone = Debug|iPhone
		Debug|iPhoneSimulator = Debug|iPhoneSimulator
		Release|Any CPU = Release|Any CPU
		Release|iPhone = Release|iPhone
		Release|iPhoneSimulator = Release|iPhoneSimulator
	EndGlobalSection
	GlobalSection(ProjectConfigurationPlatforms) = postSolution
		{D9EB9350-C471-4B7B-95BA-859084EB7C7A}.Ad-Hoc|Any CPU.ActiveCfg = Release|Any CPU
		{D9EB9350-C471-4B7B-95BA-859084EB7C7A}.Ad-Hoc|Any CPU.Build.0 = Release|Any CPU
		{D9EB9350-C471-4B7B-95BA-859084EB7C7A}.Ad-Hoc|Any CPU.Deploy.0 = Release|Any CPU
		{D9EB9350-C471-4B7B-95BA-859084EB7C7A}.Ad-Hoc|iPhone.ActiveCfg = Release|Any CPU
		{D9EB9350-C471-4B7B-95BA-859084EB7C7A}.Ad-Hoc|iPhone.Build.0 = Release|Any CPU
		{D9EB9350-C471-4B7B-95BA-859084EB7C7A}.Ad-Hoc|iPhone.Deploy.0 = Release|Any CPU
		{D9EB9350-C471-4B7B-95BA-859084EB7C7A}.Ad-Hoc|iPhoneSimulator.ActiveCfg = Release|Any CPU
		{D9EB9350-C471-4B7B-95BA-859084EB7C7A}.Ad-Hoc|iPhoneSimulator.Build.0 = Release|Any CPU
		{D9EB9350-C471-4B7B-95BA-859084EB7C7A}.Ad-Hoc|iPhoneSimulator.Deploy.0 = Release|Any CPU
		{D9EB9350-C471-4B7B-95BA-859084EB7C7A}.AppStore|Any CPU.ActiveCfg = Release|Any CPU
		{D9EB9350-C471-4B7B-95BA-859084EB7C7A}.AppStore|Any CPU.Build.0 = Release|Any CPU
		{D9EB9350-C471-4B7B-95BA-859084EB7C7A}.AppStore|Any CPU.Deploy.0 = Release|Any CPU
		{D9EB9350-C471-4B7B-95BA-859084EB7C7A}.AppStore|iPhone.ActiveCfg = Release|Any CPU
		{D9EB9350-C471-4B7B-95BA-859084EB7C7A}.AppStore|iPhone.Build.0 = Release|Any CPU
		{D9EB9350-C471-4B7B-95BA-859084EB7C7A}.AppStore|iPhone.Deploy.0 = Release|Any CPU
		{D9EB9350-C471-4B7B-95BA-859084EB7C7A}.AppStore|iPhoneSimulator.ActiveCfg = Release|Any CPU
		{D9EB9350-C471-4B7B-95BA-859084EB7C7A}.AppStore|iPhoneSimulator.Build.0 = Release|Any CPU
		{D9EB9350-C471-4B7B-95BA-859084EB7C7A}.AppStore|iPhoneSimulator.Deploy.0 = Release|Any CPU
		{D9EB9350-C471-4B7B-95BA-859084EB7C7A}.Debug|Any CPU.ActiveCfg = Debug|Any CPU
		{D9EB9350-C471-4B7B-95BA-859084EB7C7A}.Debug|Any CPU.Build.0 = Debug|Any CPU
		{D9EB9350-C471-4B7B-95BA-859084EB7C7A}.Debug|Any CPU.Deploy.0 = Debug|Any CPU
		{D9EB9350-C471-4B7B-95BA-859084EB7C7A}.Debug|iPhone.ActiveCfg = Debug|Any CPU
		{D9EB9350-C471-4B7B-95BA-859084EB7C7A}.Debug|iPhone.Build.0 = Debug|Any CPU
		{D9EB9350-C471-4B7B-95BA-859084EB7C7A}.Debug|iPhone.Deploy.0 = Debug|Any CPU
		{D9EB9350-C471-4B7B-95BA-859084EB7C7A}.Debug|iPhoneSimulator.ActiveCfg = Debug|Any CPU
		{D9EB9350-C471-4B7B-95BA-859084EB7C7A}.Debug|iPhoneSimulator.Build.0 = Debug|Any CPU
		{D9EB9350-C471-4B7B-95BA-859084EB7C7A}.Debug|iPhoneSimulator.Deploy.0 = Debug|Any CPU
		{D9EB9350-C471-4B7B-95BA-859084EB7C7A}.Release|Any CPU.ActiveCfg = Release|Any CPU
		{D9EB9350-C471-4B7B-95BA-859084EB7C7A}.Release|Any CPU.Build.0 = Release|Any CPU
		{D9EB9350-C471-4B7B-95BA-859084EB7C7A}.Release|Any CPU.Deploy.0 = Release|Any CPU
		{D9EB9350-C471-4B7B-95BA-859084EB7C7A}.Release|iPhone.ActiveCfg = Release|Any CPU
		{D9EB9350-C471-4B7B-95BA-859084EB7C7A}.Release|iPhone.Build.0 = Release|Any CPU
		{D9EB9350-C471-4B7B-95BA-859084EB7C7A}.Release|iPhone.Deploy.0 = Release|Any CPU
		{D9EB9350-C471-4B7B-95BA-859084EB7C7A}.Release|iPhoneSimulator.ActiveCfg = Release|Any CPU
		{D9EB9350-C471-4B7B-95BA-859084EB7C7A}.Release|iPhoneSimulator.Build.0 = Release|Any CPU
		{D9EB9350-C471-4B7B-95BA-859084EB7C7A}.Release|iPhoneSimulator.Deploy.0 = Release|Any CPU
		{DCFAC96D-4527-46EF-B7A9-63CF1B5B1FA4}.Ad-Hoc|Any CPU.ActiveCfg = Ad-Hoc|iPhone
		{DCFAC96D-4527-46EF-B7A9-63CF1B5B1FA4}.Ad-Hoc|Any CPU.Build.0 = Ad-Hoc|iPhone
		{DCFAC96D-4527-46EF-B7A9-63CF1B5B1FA4}.Ad-Hoc|Any CPU.Deploy.0 = Ad-Hoc|iPhone
		{DCFAC96D-4527-46EF-B7A9-63CF1B5B1FA4}.Ad-Hoc|iPhone.ActiveCfg = Ad-Hoc|iPhone
		{DCFAC96D-4527-46EF-B7A9-63CF1B5B1FA4}.Ad-Hoc|iPhone.Build.0 = Ad-Hoc|iPhone
		{DCFAC96D-4527-46EF-B7A9-63CF1B5B1FA4}.Ad-Hoc|iPhone.Deploy.0 = Ad-Hoc|iPhone
		{DCFAC96D-4527-46EF-B7A9-63CF1B5B1FA4}.Ad-Hoc|iPhoneSimulator.ActiveCfg = Ad-Hoc|iPhoneSimulator
		{DCFAC96D-4527-46EF-B7A9-63CF1B5B1FA4}.Ad-Hoc|iPhoneSimulator.Build.0 = Ad-Hoc|iPhoneSimulator
		{DCFAC96D-4527-46EF-B7A9-63CF1B5B1FA4}.Ad-Hoc|iPhoneSimulator.Deploy.0 = Ad-Hoc|iPhoneSimulator
		{DCFAC96D-4527-46EF-B7A9-63CF1B5B1FA4}.AppStore|Any CPU.ActiveCfg = AppStore|iPhone
		{DCFAC96D-4527-46EF-B7A9-63CF1B5B1FA4}.AppStore|Any CPU.Build.0 = AppStore|iPhone
		{DCFAC96D-4527-46EF-B7A9-63CF1B5B1FA4}.AppStore|Any CPU.Deploy.0 = AppStore|iPhone
		{DCFAC96D-4527-46EF-B7A9-63CF1B5B1FA4}.AppStore|iPhone.ActiveCfg = AppStore|iPhone
		{DCFAC96D-4527-46EF-B7A9-63CF1B5B1FA4}.AppStore|iPhone.Build.0 = AppStore|iPhone
		{DCFAC96D-4527-46EF-B7A9-63CF1B5B1FA4}.AppStore|iPhone.Deploy.0 = AppStore|iPhone
		{DCFAC96D-4527-46EF-B7A9-63CF1B5B1FA4}.AppStore|iPhoneSimulator.ActiveCfg = AppStore|iPhoneSimulator
		{DCFAC96D-4527-46EF-B7A9-63CF1B5B1FA4}.AppStore|iPhoneSimulator.Build.0 = AppStore|iPhoneSimulator
		{DCFAC96D-4527-46EF-B7A9-63CF1B5B1FA4}.AppStore|iPhoneSimulator.Deploy.0 = AppStore|iPhoneSimulator
		{DCFAC96D-4527-46EF-B7A9-63CF1B5B1FA4}.Debug|Any CPU.ActiveCfg = Debug|iPhoneSimulator
		{DCFAC96D-4527-46EF-B7A9-63CF1B5B1FA4}.Debug|Any CPU.Build.0 = Debug|iPhoneSimulator
		{DCFAC96D-4527-46EF-B7A9-63CF1B5B1FA4}.Debug|Any CPU.Deploy.0 = Debug|iPhoneSimulator
		{DCFAC96D-4527-46EF-B7A9-63CF1B5B1FA4}.Debug|iPhone.ActiveCfg = Debug|iPhone
		{DCFAC96D-4527-46EF-B7A9-63CF1B5B1FA4}.Debug|iPhone.Build.0 = Debug|iPhone
		{DCFAC96D-4527-46EF-B7A9-63CF1B5B1FA4}.Debug|iPhone.Deploy.0 = Debug|iPhone
		{DCFAC96D-4527-46EF-B7A9-63CF1B5B1FA4}.Debug|iPhoneSimulator.ActiveCfg = Debug|iPhoneSimulator
		{DCFAC96D-4527-46EF-B7A9-63CF1B5B1FA4}.Debug|iPhoneSimulator.Build.0 = Debug|iPhoneSimulator
		{DCFAC96D-4527-46EF-B7A9-63CF1B5B1FA4}.Debug|iPhoneSimulator.Deploy.0 = Debug|iPhoneSimulator
		{DCFAC96D-4527-46EF-B7A9-63CF1B5B1FA4}.Release|Any CPU.ActiveCfg = Release|iPhone
		{DCFAC96D-4527-46EF-B7A9-63CF1B5B1FA4}.Release|Any CPU.Build.0 = Release|iPhone
		{DCFAC96D-4527-46EF-B7A9-63CF1B5B1FA4}.Release|Any CPU.Deploy.0 = Release|iPhone
		{DCFAC96D-4527-46EF-B7A9-63CF1B5B1FA4}.Release|iPhone.ActiveCfg = Release|iPhone
		{DCFAC96D-4527-46EF-B7A9-63CF1B5B1FA4}.Release|iPhone.Build.0 = Release|iPhone
		{DCFAC96D-4527-46EF-B7A9-63CF1B5B1FA4}.Release|iPhone.Deploy.0 = Release|iPhone
		{DCFAC96D-4527-46EF-B7A9-63CF1B5B1FA4}.Release|iPhoneSimulator.ActiveCfg = Release|iPhoneSimulator
		{DCFAC96D-4527-46EF-B7A9-63CF1B5B1FA4}.Release|iPhoneSimulator.Build.0 = Release|iPhoneSimulator
		{DCFAC96D-4527-46EF-B7A9-63CF1B5B1FA4}.Release|iPhoneSimulator.Deploy.0 = Release|iPhoneSimulator
		{17AEF5EA-7164-4951-BE13-DE8BD66AC3FD}.Ad-Hoc|Any CPU.ActiveCfg = Debug|Any CPU
		{17AEF5EA-7164-4951-BE13-DE8BD66AC3FD}.Ad-Hoc|Any CPU.Build.0 = Debug|Any CPU
		{17AEF5EA-7164-4951-BE13-DE8BD66AC3FD}.Ad-Hoc|Any CPU.Deploy.0 = Debug|Any CPU
		{17AEF5EA-7164-4951-BE13-DE8BD66AC3FD}.Ad-Hoc|iPhone.ActiveCfg = Debug|Any CPU
		{17AEF5EA-7164-4951-BE13-DE8BD66AC3FD}.Ad-Hoc|iPhone.Build.0 = Debug|Any CPU
		{17AEF5EA-7164-4951-BE13-DE8BD66AC3FD}.Ad-Hoc|iPhone.Deploy.0 = Debug|Any CPU
		{17AEF5EA-7164-4951-BE13-DE8BD66AC3FD}.Ad-Hoc|iPhoneSimulator.ActiveCfg = Debug|Any CPU
		{17AEF5EA-7164-4951-BE13-DE8BD66AC3FD}.Ad-Hoc|iPhoneSimulator.Build.0 = Debug|Any CPU
		{17AEF5EA-7164-4951-BE13-DE8BD66AC3FD}.Ad-Hoc|iPhoneSimulator.Deploy.0 = Debug|Any CPU
		{17AEF5EA-7164-4951-BE13-DE8BD66AC3FD}.AppStore|Any CPU.ActiveCfg = Debug|Any CPU
		{17AEF5EA-7164-4951-BE13-DE8BD66AC3FD}.AppStore|Any CPU.Build.0 = Debug|Any CPU
		{17AEF5EA-7164-4951-BE13-DE8BD66AC3FD}.AppStore|Any CPU.Deploy.0 = Debug|Any CPU
		{17AEF5EA-7164-4951-BE13-DE8BD66AC3FD}.AppStore|iPhone.ActiveCfg = Debug|Any CPU
		{17AEF5EA-7164-4951-BE13-DE8BD66AC3FD}.AppStore|iPhone.Build.0 = Debug|Any CPU
		{17AEF5EA-7164-4951-BE13-DE8BD66AC3FD}.AppStore|iPhone.Deploy.0 = Debug|Any CPU
		{17AEF5EA-7164-4951-BE13-DE8BD66AC3FD}.AppStore|iPhoneSimulator.ActiveCfg = Debug|Any CPU
		{17AEF5EA-7164-4951-BE13-DE8BD66AC3FD}.AppStore|iPhoneSimulator.Build.0 = Debug|Any CPU
		{17AEF5EA-7164-4951-BE13-DE8BD66AC3FD}.AppStore|iPhoneSimulator.Deploy.0 = Debug|Any CPU
		{17AEF5EA-7164-4951-BE13-DE8BD66AC3FD}.Debug|Any CPU.ActiveCfg = Debug|Any CPU
		{17AEF5EA-7164-4951-BE13-DE8BD66AC3FD}.Debug|Any CPU.Build.0 = Debug|Any CPU
		{17AEF5EA-7164-4951-BE13-DE8BD66AC3FD}.Debug|Any CPU.Deploy.0 = Debug|Any CPU
		{17AEF5EA-7164-4951-BE13-DE8BD66AC3FD}.Debug|iPhone.ActiveCfg = Debug|Any CPU
		{17AEF5EA-7164-4951-BE13-DE8BD66AC3FD}.Debug|iPhone.Build.0 = Debug|Any CPU
		{17AEF5EA-7164-4951-BE13-DE8BD66AC3FD}.Debug|iPhone.Deploy.0 = Debug|Any CPU
		{17AEF5EA-7164-4951-BE13-DE8BD66AC3FD}.Debug|iPhoneSimulator.ActiveCfg = Debug|Any CPU
		{17AEF5EA-7164-4951-BE13-DE8BD66AC3FD}.Debug|iPhoneSimulator.Build.0 = Debug|Any CPU
		{17AEF5EA-7164-4951-BE13-DE8BD66AC3FD}.Debug|iPhoneSimulator.Deploy.0 = Debug|Any CPU
		{17AEF5EA-7164-4951-BE13-DE8BD66AC3FD}.Release|Any CPU.ActiveCfg = Release|Any CPU
		{17AEF5EA-7164-4951-BE13-DE8BD66AC3FD}.Release|Any CPU.Build.0 = Release|Any CPU
		{17AEF5EA-7164-4951-BE13-DE8BD66AC3FD}.Release|Any CPU.Deploy.0 = Release|Any CPU
		{17AEF5EA-7164-4951-BE13-DE8BD66AC3FD}.Release|iPhone.ActiveCfg = Release|Any CPU
		{17AEF5EA-7164-4951-BE13-DE8BD66AC3FD}.Release|iPhone.Build.0 = Release|Any CPU
		{17AEF5EA-7164-4951-BE13-DE8BD66AC3FD}.Release|iPhone.Deploy.0 = Release|Any CPU
		{17AEF5EA-7164-4951-BE13-DE8BD66AC3FD}.Release|iPhoneSimulator.ActiveCfg = Release|Any CPU
		{17AEF5EA-7164-4951-BE13-DE8BD66AC3FD}.Release|iPhoneSimulator.Build.0 = Release|Any CPU
		{17AEF5EA-7164-4951-BE13-DE8BD66AC3FD}.Release|iPhoneSimulator.Deploy.0 = Release|Any CPU
	EndGlobalSection
	GlobalSection(SolutionProperties) = preSolution
		HideSolutionNode = FALSE
	EndGlobalSection
	GlobalSection(ExtensibilityGlobals) = postSolution
		SolutionGuid = {3E8A9FAB-CB9E-48A5-A333-047D865935BA}
	EndGlobalSection
EndGlobal
